version = 1
revision = 3
requires-python = ">=3.13"

[[package]]
name = "nextcommunity-monorepo-meta"
version = "0.0.0"
source = { virtual = "." }

[package.dev-dependencies]
dev = [
    { name = "prek" },
]

[package.metadata]

[package.metadata.requires-dev]
dev = [{ name = "prek", specifier = ">=0.4.3" }]

[[package]]
name = "prek"
version = "0.4.3"
source = { registry = "https://pypi.org/simple" }
sdist = { url = "https://files.pythonhosted.org/packages/5b/3b/a0ae60bbd4c4735f20aeddfbd3c50fb669cd8e99c078a3ed75a6a4a5c6d7/prek-0.4.3.tar.gz", hash = "sha256:e486307ea649e7300b3535fac52fe0ba0b80aebe23143b662659d16e6a7c8b47", size = 461800, upload-time = "2026-05-27T03:18:58.045Z" }
wheels = [
    { url = "https://files.pythonhosted.org/packages/df/be/980a0512f7eec3469dd40574f4e35d9ce7b67b358fea58888d13a0625b0d/prek-0.4.3-py3-none-linux_armv6l.whl", hash = "sha256:c67109de8d9766c2afd6e7e64feb9e1a0d3eceb3b4123280c28344660c1a97cd", size = 5541730, upload-time = "2026-05-27T03:19:09.119Z" },
    { url = "https://files.pythonhosted.org/packages/ef/55/937d707cc01d311e5c856c7019bc7db2c5e1835728396bb1ea32a7ecfdfd/prek-0.4.3-py3-none-macosx_10_12_x86_64.whl", hash = "sha256:b43a85f5ddf7827a75491e79ca068a49c5e4efde8dbac844ecb89622a78458e4", size = 5906762, upload-time = "2026-05-27T03:19:21.651Z" },
    { url = "https://files.pythonhosted.org/packages/e1/6a/9a99ac481eb148dba55652df88b029ab6c1f90384bd51996026cdab2dafb/prek-0.4.3-py3-none-macosx_11_0_arm64.whl", hash = "sha256:e99ee90a7b6e84dabef891ff7521eb59dae38953467bdb482f004ea522d3a64c", size = 5461541, upload-time = "2026-05-27T03:18:55.984Z" },
    { url = "https://files.pythonhosted.org/packages/a4/8d/9056b02a100cc18b101fc05ecc82635889f5f8cb1cce5d70b027e517a6d9/prek-0.4.3-py3-none-manylinux_2_17_aarch64.manylinux2014_aarch64.musllinux_1_1_aarch64.whl", hash = "sha256:f514ec0d95cd4578d74d4601058bd259f5baf91c937f2aaae942d4b070b8077f", size = 5720501, upload-time = "2026-05-27T03:18:52.424Z" },
    { url = "https://files.pythonhosted.org/packages/ba/ea/efbe4523e53022d94272ddfdd3a198ace7de004dd8830a69318085a10393/prek-0.4.3-py3-none-manylinux_2_17_armv7l.manylinux2014_armv7l.whl", hash = "sha256:03a4ac3c3023a76faa52ad7775720599b10241930be8902c471085b22572b4b0", size = 5452412, upload-time = "2026-05-27T03:19:17.801Z" },
    { url = "https://files.pythonhosted.org/packages/97/d6/8a48b2c6a5117110d688c2d8ca2526264ad9f0d3baed4587038ee85e4c2d/prek-0.4.3-py3-none-manylinux_2_17_i686.manylinux2014_i686.whl", hash = "sha256:40173425ab82bf0a7267d672b3e3aae9dd425eaee3a3641c6a5f040da3ff95e4", size = 5849515, upload-time = "2026-05-27T03:19:05.545Z" },
    { url = "https://files.pythonhosted.org/packages/ec/66/ccce7a1b6c6b610a22b54092d523ea7d35709e42864dace3734c05dd5f98/prek-0.4.3-py3-none-manylinux_2_17_s390x.manylinux2014_s390x.whl", hash = "sha256:1b8d99ee3277f8f3a3453a953120ee5c6c52f7ad89e459a25425cf62135f47b1", size = 6743978, upload-time = "2026-05-27T03:19:07.445Z" },
    { url = "https://files.pythonhosted.org/packages/1a/f8/7a441d780c42e858ad677c82bb54eb3f01b424b710a8db5b9a8782305326/prek-0.4.3-py3-none-manylinux_2_17_x86_64.manylinux2014_x86_64.whl", hash = "sha256:e08595fe96d24c1fe13486b00d55ce73a7b37040a16e82365942606594c67a6b", size = 6108774, upload-time = "2026-05-27T03:19:03.565Z" },
    { url = "https://files.pythonhosted.org/packages/bf/38/fbb1afe14c7536109c68a1d9ca602f152f1929972d006c517c3b92140192/prek-0.4.3-py3-none-manylinux_2_28_aarch64.whl", hash = "sha256:8607d636ef9232675507d97d252e1dcca5628bff79cb069fa945fff09d7bbb43", size = 5723165, upload-time = "2026-05-27T03:18:59.558Z" },
    { url = "https://files.pythonhosted.org/packages/b7/b8/edafebce2bbd85f9e9de2781c225d690eb2b9897a06b224f5c24658fe398/prek-0.4.3-py3-none-manylinux_2_31_riscv64.whl", hash = "sha256:89484765304a779780f83489eb3aed5de5366f47fce7713fa5a917ebc281baa0", size = 5560557, upload-time = "2026-05-27T03:18:49.59Z" },
    { url = "https://files.pythonhosted.org/packages/3b/2e/a85a40458ac50c452cae2ddd2eed0b70107fd2b4074d7a5003088ac508f1/prek-0.4.3-py3-none-musllinux_1_1_armv7l.whl", hash = "sha256:2d2b0c12e3d1c6d90646f9faa2d4c66f9861f3c6e577d7dbd25e733ed095ac56", size = 5417874, upload-time = "2026-05-27T03:19:01.681Z" },
    { url = "https://files.pythonhosted.org/packages/4c/be/106fb026646e1da65da6d2a5f3cfbda817e68a72429645351b7033c0b2b5/prek-0.4.3-py3-none-musllinux_1_1_i686.whl", hash = "sha256:ca6802eaf191acb6166e9e013dd277ea193ba27c1dca896ab7debf6dca758b6d", size = 5710013, upload-time = "2026-05-27T03:18:54.143Z" },
    { url = "https://files.pythonhosted.org/packages/03/c4/edfff5f7d9b6c9e5860dfe05c9488e1b96de990b652db2e379d45af8ad2e/prek-0.4.3-py3-none-musllinux_1_1_x86_64.whl", hash = "sha256:a46862d81078d2c8caa286c392f965ed72fb72eb1fed171910ba54fe8d546ed0", size = 6230160, upload-time = "2026-05-27T03:19:15.58Z" },
    { url = "https://files.pythonhosted.org/packages/15/d2/70adf26d5da0b7a66d8e284a661feddd5e8c69784b82084f40485fa321e4/prek-0.4.3-py3-none-win32.whl", hash = "sha256:f78e343584cfff106fc3c361109b87949ad8028dc5aa667e0fccd26db8170d7d", size = 5226844, upload-time = "2026-05-27T03:19:13.871Z" },
    { url = "https://files.pythonhosted.org/packages/32/5d/9f21aca8ccee6978db831dbf36c2e17461692c75dd291c9b3d170e39a82a/prek-0.4.3-py3-none-win_amd64.whl", hash = "sha256:798d04437d30d6b4e6c1d520fe6ca800c340c9246f0dc8900d8b365df54b71b6", size = 5616068, upload-time = "2026-05-27T03:19:19.653Z" },
    { url = "https://files.pythonhosted.org/packages/f5/ef/cad8f9c66bcc199e22d1ad82a50032067a4c8b4182306d3472ff99f64aa3/prek-0.4.3-py3-none-win_arm64.whl", hash = "sha256:70d9da5fc14ef41565ff7ba9f476fb53166bf719a954339b2e9f42ed494a2f71", size = 5448057, upload-time = "2026-05-27T03:19:11.118Z" },
]
