version = 1
revision = 3
requires-python = ">=3.13"

[[package]]
name = "nextcommunity-monorepo-meta"
version = "0.0.0"
source = { virtual = "." }

[package.dev-dependencies]
dev = [
    { name = "prek" },
]

[package.metadata]

[package.metadata.requires-dev]
dev = [{ name = "prek", specifier = ">=0.4.10" }]

[[package]]
name = "prek"
version = "0.4.10"
source = { registry = "https://pypi.org/simple" }
sdist = { url = "https://files.pythonhosted.org/packages/7c/54/edc21e275f9fa3540d4d98cf349c2de11621d6729cc401bb7aedf563609e/prek-0.4.10.tar.gz", hash = "sha256:db3122f4e780eb4587635e6a83df881caf2dbb1eb7799d1cca51158216d6f33b", size = 502565, upload-time = "2026-07-16T10:13:00.788Z" }
wheels = [
    { url = "https://files.pythonhosted.org/packages/db/e7/5a63528ba7b95b64f38db3e253aed49ee8e5e8ba16589889d2b7f809edb7/prek-0.4.10-py3-none-linux_armv6l.whl", hash = "sha256:023f302741d79301346c3088ba43a9592aff0ecdbe5ddc3019fa9b1183319c5e", size = 5694609, upload-time = "2026-07-16T10:12:26.352Z" },
    { url = "https://files.pythonhosted.org/packages/0b/ef/ee9e6bf9a5ce242e9e4e66ac4e2e9042a0f6fd9f367cee18ad404456e93d/prek-0.4.10-py3-none-macosx_10_12_x86_64.whl", hash = "sha256:72adc707e16f97564bbae08d22b222ac3bb2491f8fbfb5a0754f80d472c28a71", size = 6044037, upload-time = "2026-07-16T10:12:28.539Z" },
    { url = "https://files.pythonhosted.org/packages/68/7e/da08cc39e5348ccb9234e63a21ee56861f72e8497d6a78f0db1ccae6515d/prek-0.4.10-py3-none-macosx_11_0_arm64.whl", hash = "sha256:04c9321957e1b32e1fc7cf60bb4f90bba3761f8659d5551ed04f96e25596de49", size = 5535983, upload-time = "2026-07-16T10:12:30.691Z" },
    { url = "https://files.pythonhosted.org/packages/30/c6/0486a35bb687a9beac7a5810bd1104c6da56d469b30b1eeaeefd03c99da2/prek-0.4.10-py3-none-manylinux_2_17_aarch64.manylinux2014_aarch64.musllinux_1_1_aarch64.whl", hash = "sha256:e66ccf6c5e4ebadd05cd98cb338d7f553e4d27aa243cf91279c5a569b3cdccc7", size = 5862085, upload-time = "2026-07-16T10:12:33.042Z" },
    { url = "https://files.pythonhosted.org/packages/52/39/277fe17ae1f121e532e3942456f5a6d01ddacfbc550e481dcb359be7a1b0/prek-0.4.10-py3-none-manylinux_2_17_armv7l.manylinux2014_armv7l.whl", hash = "sha256:63f9061d75a50ef0ca92c4b596ad352937a845df80758244950e513b27e9e18f", size = 5605697, upload-time = "2026-07-16T10:12:35.498Z" },
    { url = "https://files.pythonhosted.org/packages/ad/a1/08354af3e000f2656fad086690d834eab6c04631ff41313a219ea6232199/prek-0.4.10-py3-none-manylinux_2_17_i686.manylinux2014_i686.whl", hash = "sha256:3c2ff7110e4bfaafbbab13c2893a337081aca61ed797f14b6b224d2ea9741eef", size = 6034111, upload-time = "2026-07-16T10:12:37.545Z" },
    { url = "https://files.pythonhosted.org/packages/e4/74/4702396c8d486132e5ce009ab56a0b37f50cb6866830d371f2617b7bdfdc/prek-0.4.10-py3-none-manylinux_2_17_s390x.manylinux2014_s390x.whl", hash = "sha256:2b696a05542e79aa27bcce68d1792e77f4fe6f9c6b012b34d74d62f964f3c72d", size = 6787203, upload-time = "2026-07-16T10:12:40.031Z" },
    { url = "https://files.pythonhosted.org/packages/90/29/b5d5d6fb87ebd64b37471e3e79761de9983f85e14d69c522efe7af6620ce/prek-0.4.10-py3-none-manylinux_2_17_x86_64.manylinux2014_x86_64.whl", hash = "sha256:431b44d6054e72815b4b05e1173596dfd02a7f7461211d40a2e3117e414642ad", size = 6261333, upload-time = "2026-07-16T10:12:42.216Z" },
    { url = "https://files.pythonhosted.org/packages/94/d6/54ba696d19f7efdc184093353cce713a850aef9c3556e23faeecafa22e94/prek-0.4.10-py3-none-manylinux_2_28_aarch64.whl", hash = "sha256:ccbd2b4fd1df790087ba18b4506f680471922a5f13714f19801568434a040dee", size = 5867761, upload-time = "2026-07-16T10:12:44.329Z" },
    { url = "https://files.pythonhosted.org/packages/be/7d/3975098aa2baaabfc10f99f9fcf78045c4f10851beed8e9812b6a2688eab/prek-0.4.10-py3-none-manylinux_2_31_riscv64.whl", hash = "sha256:479e7480b447191aa5c6ed67e80f081d0f5ee4e878b140f4d2cee44165395f1c", size = 5714412, upload-time = "2026-07-16T10:12:46.297Z" },
    { url = "https://files.pythonhosted.org/packages/97/c0/3e0aac190fe95fdef98526343559b61d4d9fd54444c8c9137ba02412afe1/prek-0.4.10-py3-none-musllinux_1_1_armv7l.whl", hash = "sha256:0bb7451025cbd2b68e480a13cf665d7a5c87c8b87bf18549a78985c17df817ed", size = 5578145, upload-time = "2026-07-16T10:12:48.261Z" },
    { url = "https://files.pythonhosted.org/packages/d7/44/7b26035534204b8b8a9d5e625479201e616413d287262f557cb32e1f8d77/prek-0.4.10-py3-none-musllinux_1_1_i686.whl", hash = "sha256:4fb047e5776676805794574b2d7b178cb3ab536793aadf172419fcda56b34a57", size = 5889245, upload-time = "2026-07-16T10:12:50.818Z" },
    { url = "https://files.pythonhosted.org/packages/7e/6c/178a9d768876b4211a1bf63907fe308ae02d173639bcf41cea3c5eed35c1/prek-0.4.10-py3-none-musllinux_1_1_x86_64.whl", hash = "sha256:08318818d19caf79643babb89f872c92fda134a622b4731df1d6ed61e29d2d26", size = 6372849, upload-time = "2026-07-16T10:12:52.952Z" },
    { url = "https://files.pythonhosted.org/packages/4d/84/d5f5ac8193602883f9dd1d675d9d4084e34fbe3ed2ef50a0c336d8a53d8f/prek-0.4.10-py3-none-win32.whl", hash = "sha256:092872714dcde480a662bbdd98b980b248c2d3e10543d4d53a3a58cc9e5b35b0", size = 5413005, upload-time = "2026-07-16T10:12:55.113Z" },
    { url = "https://files.pythonhosted.org/packages/41/63/9e648fda10bc02c9b6ba305f93b6a6e4fd37d23d13a269a9d2d6bb44eaa1/prek-0.4.10-py3-none-win_amd64.whl", hash = "sha256:3d323a18d0f8c50e474a8fa29fb93bd2db680116d8afb19b76e72ad4667f58e6", size = 5799075, upload-time = "2026-07-16T10:12:56.963Z" },
    { url = "https://files.pythonhosted.org/packages/22/74/b34d8c80cec8dccc7b922c75b9dca62b18b603b5ed2eea93c9d7c2928d2d/prek-0.4.10-py3-none-win_arm64.whl", hash = "sha256:5e93865ef96756c4a26f37ece04ad514abbc19ae6a23ed1a507b6314e6a0d2fb", size = 5563955, upload-time = "2026-07-16T10:12:59.07Z" },
]
