version = 1
revision = 3
requires-python = ">=3.13"

[[package]]
name = "nextcommunity-monorepo-meta"
version = "0.0.0"
source = { virtual = "." }

[package.dev-dependencies]
dev = [
    { name = "prek" },
]

[package.metadata]

[package.metadata.requires-dev]
dev = [{ name = "prek", specifier = ">=0.4.12" }]

[[package]]
name = "prek"
version = "0.4.14"
source = { registry = "https://pypi.org/simple" }
sdist = { url = "https://files.pythonhosted.org/packages/cf/51/135dc6ba2c021ce32b40700c8c337db72d802893e15291f4b3056076582f/prek-0.4.14.tar.gz", hash = "sha256:f6d0952e31ffd6e508660749dd51b8d8de96e955ed12c40e411f3224f502fed2", size = 537668, upload-time = "2026-08-17T04:27:55.031Z" }
wheels = [
    { url = "https://files.pythonhosted.org/packages/9d/75/727724174d419cab6e11e0c22c3fbcdd083312b0a0202dfa6befdb7f1bcb/prek-0.4.14-py3-none-linux_armv6l.whl", hash = "sha256:cf7fe2e07c99948ca3326fbd4254054cf4caa71a69cf9032be09c3938544e1e3", size = 5878406, upload-time = "2026-08-17T04:27:30.135Z" },
    { url = "https://files.pythonhosted.org/packages/34/b6/82dfb41347342b4c53c1ddd27cfa81d3e1cf4ad0d5d76493c51e8da58dc9/prek-0.4.14-py3-none-macosx_10_12_x86_64.whl", hash = "sha256:6c8043aa5555c2ada561f4c69429e5117f370ad92f7d708340613b0965e725bd", size = 6216669, upload-time = "2026-08-17T04:27:31.795Z" },
    { url = "https://files.pythonhosted.org/packages/5b/68/ade0ba8b8c0044a3f7ca1a5cd7c97bc10656398c67466b04235f0f0b7418/prek-0.4.14-py3-none-macosx_11_0_arm64.whl", hash = "sha256:355570f0d8366a56817e55f44edf736ffc9ff2323894e21cd739ab519d343541", size = 5728085, upload-time = "2026-08-17T04:27:33.322Z" },
    { url = "https://files.pythonhosted.org/packages/a0/cc/8ddb67fb000d1ad4c95288e6c7e27989d3c172cd88893e3a6f9cdd7199fb/prek-0.4.14-py3-none-manylinux_2_17_aarch64.manylinux2014_aarch64.musllinux_1_1_aarch64.whl", hash = "sha256:334f48a2b19e63c5ab741e601cb6088caaa11d1b75146900dc298b055452d551", size = 6043650, upload-time = "2026-08-17T04:27:34.699Z" },
    { url = "https://files.pythonhosted.org/packages/5b/49/2780489798147fa1e81fa017af384a40229802cf36680cf72c74478d143c/prek-0.4.14-py3-none-manylinux_2_17_armv7l.manylinux2014_armv7l.whl", hash = "sha256:5fbb17270df2dcb3c1aa6edfaa68f850d7968862413e58b1572e41c981f644f9", size = 5786094, upload-time = "2026-08-17T04:27:36.282Z" },
    { url = "https://files.pythonhosted.org/packages/6a/2a/27a4cdfa767b46663eb32a2b5f78ebaaeefc6e5caa87a21587216a504e31/prek-0.4.14-py3-none-manylinux_2_17_i686.manylinux2014_i686.whl", hash = "sha256:8ec46be0b1b45943a0746fdf69feeede274b0230bad32b11e2489bb600846081", size = 6239874, upload-time = "2026-08-17T04:27:37.984Z" },
    { url = "https://files.pythonhosted.org/packages/e0/ca/5ae58d95bc9dbad75ea13aea83fe0acfaca37d027c6bd7f9f1d1d97f3666/prek-0.4.14-py3-none-manylinux_2_17_s390x.manylinux2014_s390x.whl", hash = "sha256:a21eea6ee996dbba351c1af8c6bd1959a61c37949757c0b97aef3edde82c126a", size = 6968009, upload-time = "2026-08-17T04:27:39.48Z" },
    { url = "https://files.pythonhosted.org/packages/bb/1c/c6a7800406f987559fc8e7c2cfd257a5a68096e806e953f143b488e00e4f/prek-0.4.14-py3-none-manylinux_2_17_x86_64.manylinux2014_x86_64.whl", hash = "sha256:34169cb1c8dfbe4b9cb7af164f5c1c3dff68929c61ca1e1de28d378b32720836", size = 6443370, upload-time = "2026-08-17T04:27:41.181Z" },
    { url = "https://files.pythonhosted.org/packages/92/38/4bf84223216ce2d31b500691d1644a9f35d6e468cb8ecb9a7dfbc66bc82c/prek-0.4.14-py3-none-manylinux_2_28_aarch64.whl", hash = "sha256:e39772ebf579f957fdbbc66ef6a7f7433bf603128cd60d5c804c70caac5f69c0", size = 6056449, upload-time = "2026-08-17T04:27:42.722Z" },
    { url = "https://files.pythonhosted.org/packages/75/0a/f1980039ab7bf8342c4aa4da2a4cafe40e6a840f456d5bbf86ba024fcdca/prek-0.4.14-py3-none-manylinux_2_31_riscv64.whl", hash = "sha256:a79e5940354a789e1311172a960c5daa75e3f643a47ee2be85b7d2ca1d7d980a", size = 5839941, upload-time = "2026-08-17T04:27:44.306Z" },
    { url = "https://files.pythonhosted.org/packages/f1/e2/67f067dcb912e157bc7f4cd2aeb422a0de65e7744c675d7f439676f6c832/prek-0.4.14-py3-none-musllinux_1_1_armv7l.whl", hash = "sha256:60b6539c1b28804807849173a6b49d467f6f36ca98bbb4536f5e34114d79942a", size = 5762723, upload-time = "2026-08-17T04:27:45.737Z" },
    { url = "https://files.pythonhosted.org/packages/84/39/6669fff5c3336a2b79cf853c86b95547cf9be720a2ee7e4ae5eaa6cb46a1/prek-0.4.14-py3-none-musllinux_1_1_i686.whl", hash = "sha256:24cfabd9e5b8c5546ecaef562841a41a255a9dec1b7ae7761ce5a7a024ab9dd9", size = 6090040, upload-time = "2026-08-17T04:27:47.185Z" },
    { url = "https://files.pythonhosted.org/packages/2a/23/c23210be4c89795a854e76146c2465aaffc3d85ea83df61c1d4d5bb41bca/prek-0.4.14-py3-none-musllinux_1_1_x86_64.whl", hash = "sha256:1f08d368da45439f949885bb0b637bc7dfe6910140d5285fa8bae058697ddd06", size = 6570273, upload-time = "2026-08-17T04:27:48.673Z" },
    { url = "https://files.pythonhosted.org/packages/00/9c/4f10728ed36295347e84f01bb3e4c9078c9e337edc66215f5e2066b30551/prek-0.4.14-py3-none-win32.whl", hash = "sha256:5bfb30808ce2099c67d2a2d4cd68dc031e3fec1eeb61d73ef51a8f7c04d021cb", size = 5586715, upload-time = "2026-08-17T04:27:50.471Z" },
    { url = "https://files.pythonhosted.org/packages/4f/a7/d080a157d4e92927f7618d62d6a23979ef64a10c76a040cb8a8a194c50d7/prek-0.4.14-py3-none-win_amd64.whl", hash = "sha256:29364012d5704475d1092eb8a96ea30b163279096ad5e0c80a620fffa79bc639", size = 5969946, upload-time = "2026-08-17T04:27:51.971Z" },
    { url = "https://files.pythonhosted.org/packages/37/e1/6fc64bb82e7270f61707e00b6d3154a4592ae0b2d3bd308173aa7aabe0a1/prek-0.4.14-py3-none-win_arm64.whl", hash = "sha256:ff588c02e10c8d05150763607671a22d5585c0ff7036c884d3489c2726eb215c", size = 5729906, upload-time = "2026-08-17T04:27:53.52Z" },
]
